
Microsoft Visual Studio Solution File, Format Version 12.00
# Visual Studio Version 16
VisualStudioVersion = 16.0.30011.22
MinimumVisualStudioVersion = 10.0.40219.1
Project("{FAE04EC0-301F-11D3-BF4B-00C04F79EFBC}") = "WpfApp1", "WpfApp1.csproj", "{8C03D3C6-F658-4421-A2B1-6CEAE07B4EDC}"
EndProject
Project("{FAE04EC0-301F-11D3-BF4B-00C04F79EFBC}") = "SimpleDataBinding", "..\SimpleDataBinding\SimpleDataBinding.csproj", "{1DC348B7-9087-4636-881C-14E442907EDF}"
EndProject
Project("{FAE04EC0-301F-11D3-BF4B-00C04F79EFBC}") = "Contact MVVM", "..\Contact MVVM\Contact MVVM.csproj", "{E1AE245F-46E0-454E-B674-A64D54C2AF2A}"
EndProject
Global
	GlobalSection(SolutionConfigurationPlatforms) = preSolution
		Debug|Any CPU = Debug|Any CPU
		Release|Any CPU = Release|Any CPU
	EndGlobalSection
	GlobalSection(ProjectConfigurationPlatforms) = postSolution
		{8C03D3C6-F658-4421-A2B1-6CEAE07B4EDC}.Debug|Any CPU.ActiveCfg = Debug|Any CPU
		{8C03D3C6-F658-4421-A2B1-6CEAE07B4EDC}.Debug|Any CPU.Build.0 = Debug|Any CPU
		{8C03D3C6-F658-4421-A2B1-6CEAE07B4EDC}.Release|Any CPU.ActiveCfg = Release|Any CPU
		{8C03D3C6-F658-4421-A2B1-6CEAE07B4EDC}.Release|Any CPU.Build.0 = Release|Any CPU
		{1DC348B7-9087-4636-881C-14E442907EDF}.Debug|Any CPU.ActiveCfg = Debug|Any CPU
		{1DC348B7-9087-4636-881C-14E442907EDF}.Debug|Any CPU.Build.0 = Debug|Any CPU
		{1DC348B7-9087-4636-881C-14E442907EDF}.Release|Any CPU.ActiveCfg = Release|Any CPU
		{1DC348B7-9087-4636-881C-14E442907EDF}.Release|Any CPU.Build.0 = Release|Any CPU
		{E1AE245F-46E0-454E-B674-A64D54C2AF2A}.Debug|Any CPU.ActiveCfg = Debug|Any CPU
		{E1AE245F-46E0-454E-B674-A64D54C2AF2A}.Debug|Any CPU.Build.0 = Debug|Any CPU
		{E1AE245F-46E0-454E-B674-A64D54C2AF2A}.Release|Any CPU.ActiveCfg = Release|Any CPU
		{E1AE245F-46E0-454E-B674-A64D54C2AF2A}.Release|Any CPU.Build.0 = Release|Any CPU
	EndGlobalSection
	GlobalSection(SolutionProperties) = preSolution
		HideSolutionNode = FALSE
	EndGlobalSection
	GlobalSection(ExtensibilityGlobals) = postSolution
		SolutionGuid = {6B62C8DE-53AF-4201-BF5F-43F130E5F085}
	EndGlobalSection
EndGlobal
